
Microsoft Visual Studio Solution File, Format Version 12.00
# Visual Studio 15
VisualStudioVersion = 15.0.28010.2046
MinimumVisualStudioVersion = 10.0.40219.1
Project("{9A19103F-16F7-4668-BE54-9A1E7A4F7556}") = "API", "API.csproj", "{1E6CAD23-2E8E-4B3F-BA99-00A2915A0BF4}"
EndProject
Global
	GlobalSection(SolutionConfigurationPlatforms) = preSolution
		Debug|Any CPU = Debug|Any CPU
		Release|Any CPU = Release|Any CPU
	EndGlobalSection
	GlobalSection(ProjectConfigurationPlatforms) = postSolution
		{1E6CAD23-2E8E-4B3F-BA99-00A2915A0BF4}.Debug|Any CPU.ActiveCfg = Debug|Any CPU
		{1E6CAD23-2E8E-4B3F-BA99-00A2915A0BF4}.Debug|Any CPU.Build.0 = Debug|Any CPU
		{1E6CAD23-2E8E-4B3F-BA99-00A2915A0BF4}.Release|Any CPU.ActiveCfg = Release|Any CPU
		{1E6CAD23-2E8E-4B3F-BA99-00A2915A0BF4}.Release|Any CPU.Build.0 = Release|Any CPU
	EndGlobalSection
	GlobalSection(SolutionProperties) = preSolution
		HideSolutionNode = FALSE
	EndGlobalSection
	GlobalSection(ExtensibilityGlobals) = postSolution
		SolutionGuid = {7310C55E-6F82-48CB-B3FF-A5CB00320E84}
	EndGlobalSection
EndGlobal
