
Microsoft Visual Studio Solution File, Format Version 12.00
# Visual Studio 15
VisualStudioVersion = 15.0.28010.2041
MinimumVisualStudioVersion = 10.0.40219.1
Project("{9A19103F-16F7-4668-BE54-9A1E7A4F7556}") = "API", "API\API.csproj", "{2ACCD344-C08A-4CED-A19E-2E49FAA0A6A0}"
EndProject
Global
	GlobalSection(SolutionConfigurationPlatforms) = preSolution
		Debug|Any CPU = Debug|Any CPU
		Release|Any CPU = Release|Any CPU
	EndGlobalSection
	GlobalSection(ProjectConfigurationPlatforms) = postSolution
		{2ACCD344-C08A-4CED-A19E-2E49FAA0A6A0}.Debug|Any CPU.ActiveCfg = Debug|Any CPU
		{2ACCD344-C08A-4CED-A19E-2E49FAA0A6A0}.Debug|Any CPU.Build.0 = Debug|Any CPU
		{2ACCD344-C08A-4CED-A19E-2E49FAA0A6A0}.Release|Any CPU.ActiveCfg = Release|Any CPU
		{2ACCD344-C08A-4CED-A19E-2E49FAA0A6A0}.Release|Any CPU.Build.0 = Release|Any CPU
	EndGlobalSection
	GlobalSection(SolutionProperties) = preSolution
		HideSolutionNode = FALSE
	EndGlobalSection
	GlobalSection(ExtensibilityGlobals) = postSolution
		SolutionGuid = {6A7243EB-53C4-4B31-ADCF-B821FD677304}
	EndGlobalSection
EndGlobal
